// !$*UTF8*$!
{
	archiveVersion = 1;
	classes = {
	};
	objectVersion = 56;
	objects = {

/* Begin PBXBuildFile section */
		6158DFA82C207EEC00C8DB6A /* BookmarkModel.swift in Sources */ = {isa = PBXBuildFile; fileRef = 6158DFA72C207EEC00C8DB6A /* BookmarkModel.swift */; };
		6158DFAA2C21904C00C8DB6A /* TimerView.swift in Sources */ = {isa = PBXBuildFile; fileRef = 6158DFA92C21904C00C8DB6A /* TimerView.swift */; };
		6158DFAC2C21B69400C8DB6A /* TestFile.swift in Sources */ = {isa = PBXBuildFile; fileRef = 6158DFAB2C21B69400C8DB6A /* TestFile.swift */; };
		61BA38EF2C1FD1BB00FF1C71 /* HomeKit41App.swift in Sources */ = {isa = PBXBuildFile; fileRef = 61BA38EE2C1FD1BB00FF1C71 /* HomeKit41App.swift */; };
		61BA38F12C1FD1BB00FF1C71 /* MainView.swift in Sources */ = {isa = PBXBuildFile; fileRef = 61BA38F02C1FD1BB00FF1C71 /* MainView.swift */; };
		61BA38F32C1FD1BC00FF1C71 /* Assets.xcassets in Resources */ = {isa = PBXBuildFile; fileRef = 61BA38F22C1FD1BC00FF1C71 /* Assets.xcassets */; };
		61BA38F62C1FD1BC00FF1C71 /* Preview Assets.xcassets in Resources */ = {isa = PBXBuildFile; fileRef = 61BA38F52C1FD1BC00FF1C71 /* Preview Assets.xcassets */; };
		61BA38FD2C1FD1D200FF1C71 /* HomeKitManager.swift in Sources */ = {isa = PBXBuildFile; fileRef = 61BA38FC2C1FD1D200FF1C71 /* HomeKitManager.swift */; };
		61BA38FF2C1FD1EB00FF1C71 /* LightController.swift in Sources */ = {isa = PBXBuildFile; fileRef = 61BA38FE2C1FD1EB00FF1C71 /* LightController.swift */; };
/* End PBXBuildFile section */

/* Begin PBXFileReference section */
		6158DFA72C207EEC00C8DB6A /* BookmarkModel.swift */ = {isa = PBXFileReference; lastKnownFileType = sourcecode.swift; path = BookmarkModel.swift; sourceTree = "<group>"; };
		6158DFA92C21904C00C8DB6A /* TimerView.swift */ = {isa = PBXFileReference; lastKnownFileType = sourcecode.swift; path = TimerView.swift; sourceTree = "<group>"; };
		6158DFAB2C21B69400C8DB6A /* TestFile.swift */ = {isa = PBXFileReference; lastKnownFileType = sourcecode.swift; path = TestFile.swift; sourceTree = "<group>"; };
		61BA38EB2C1FD1BB00FF1C71 /* HomeKit41.app */ = {isa = PBXFileReference; explicitFileType = wrapper.application; includeInIndex = 0; path = HomeKit41.app; sourceTree = BUILT_PRODUCTS_DIR; };
		61BA38EE2C1FD1BB00FF1C71 /* HomeKit41App.swift */ = {isa = PBXFileReference; lastKnownFileType = sourcecode.swift; path = HomeKit41App.swift; sourceTree = "<group>"; };
		61BA38F02C1FD1BB00FF1C71 /* MainView.swift */ = {isa = PBXFileReference; lastKnownFileType = sourcecode.swift; path = MainView.swift; sourceTree = "<group>"; };
		61BA38F22C1FD1BC00FF1C71 /* Assets.xcassets */ = {isa = PBXFileReference; lastKnownFileType = folder.assetcatalog; path = Assets.xcassets; sourceTree = "<group>"; };
		61BA38F52C1FD1BC00FF1C71 /* Preview Assets.xcassets */ = {isa = PBXFileReference; lastKnownFileType = folder.assetcatalog; path = "Preview Assets.xcassets"; sourceTree = "<group>"; };
		61BA38FC2C1FD1D200FF1C71 /* HomeKitManager.swift */ = {isa = PBXFileReference; lastKnownFileType = sourcecode.swift; path = HomeKitManager.swift; sourceTree = "<group>"; };
		61BA38FE2C1FD1EB00FF1C71 /* LightController.swift */ = {isa = PBXFileReference; lastKnownFileType = sourcecode.swift; path = LightController.swift; sourceTree = "<group>"; };
		61BA39002C1FD78E00FF1C71 /* Info.plist */ = {isa = PBXFileReference; lastKnownFileType = text.plist; path = Info.plist; sourceTree = "<group>"; };
		61BA39032C1FE61500FF1C71 /* HomeKit41.entitlements */ = {isa = PBXFileReference; lastKnownFileType = text.plist.entitlements; path = HomeKit41.entitlements; sourceTree = "<group>"; };
/* End PBXFileReference section */

/* Begin PBXFrameworksBuildPhase section */
		61BA38E82C1FD1BB00FF1C71 /* Frameworks */ = {
			isa = PBXFrameworksBuildPhase;
			buildActionMask = 2147483647;
			files = (
			);
			runOnlyForDeploymentPostprocessing = 0;
		};
/* End PBXFrameworksBuildPhase section */

/* Begin PBXGroup section */
		61BA38E22C1FD1BB00FF1C71 = {
			isa = PBXGroup;
			children = (
				61BA38ED2C1FD1BB00FF1C71 /* HomeKit41 */,
				61BA38EC2C1FD1BB00FF1C71 /* Products */,
			);
			sourceTree = "<group>";
		};
		61BA38EC2C1FD1BB00FF1C71 /* Products */ = {
			isa = PBXGroup;
			children = (
				61BA38EB2C1FD1BB00FF1C71 /* HomeKit41.app */,
			);
			name = Products;
			sourceTree = "<group>";
		};
		61BA38ED2C1FD1BB00FF1C71 /* HomeKit41 */ = {
			isa = PBXGroup;
			children = (
				61BA39032C1FE61500FF1C71 /* HomeKit41.entitlements */,
				61BA39002C1FD78E00FF1C71 /* Info.plist */,
				61BA38EE2C1FD1BB00FF1C71 /* HomeKit41App.swift */,
				61BA38F02C1FD1BB00FF1C71 /* MainView.swift */,
				6158DFA92C21904C00C8DB6A /* TimerView.swift */,
				61BA38FE2C1FD1EB00FF1C71 /* LightController.swift */,
				61BA38FC2C1FD1D200FF1C71 /* HomeKitManager.swift */,
				6158DFAB2C21B69400C8DB6A /* TestFile.swift */,
				61BA38F22C1FD1BC00FF1C71 /* Assets.xcassets */,
				61BA38F42C1FD1BC00FF1C71 /* Preview Content */,
				6158DFA72C207EEC00C8DB6A /* BookmarkModel.swift */,
			);
			path = HomeKit41;
			sourceTree = "<group>";
		};
		61BA38F42C1FD1BC00FF1C71 /* Preview Content */ = {
			isa = PBXGroup;
			children = (
				61BA38F52C1FD1BC00FF1C71 /* Preview Assets.xcassets */,
			);
			path = "Preview Content";
			sourceTree = "<group>";
		};
/* End PBXGroup section */

/* Begin PBXNativeTarget section */
		61BA38EA2C1FD1BB00FF1C71 /* HomeKit41 */ = {
			isa = PBXNativeTarget;
			buildConfigurationList = 61BA38F92C1FD1BC00FF1C71 /* Build configuration list for PBXNativeTarget "HomeKit41" */;
			buildPhases = (
				61BA38E72C1FD1BB00FF1C71 /* Sources */,
				61BA38E82C1FD1BB00FF1C71 /* Frameworks */,
				61BA38E92C1FD1BB00FF1C71 /* Resources */,
			);
			buildRules = (
			);
			dependencies = (
			);
			name = HomeKit41;
			productName = HomeKit41;
			productReference = 61BA38EB2C1FD1BB00FF1C71 /* HomeKit41.app */;
			productType = "com.apple.product-type.application";
		};
/* End PBXNativeTarget section */

/* Begin PBXProject section */
		61BA38E32C1FD1BB00FF1C71 /* Project object */ = {
			isa = PBXProject;
			attributes = {
				BuildIndependentTargetsInParallel = 1;
				LastSwiftUpdateCheck = 1540;
				LastUpgradeCheck = 1540;
				TargetAttributes = {
					61BA38EA2C1FD1BB00FF1C71 = {
						CreatedOnToolsVersion = 15.4;
					};
				};
			};
			buildConfigurationList = 61BA38E62C1FD1BB00FF1C71 /* Build configuration list for PBXProject "HomeKit41" */;
			compatibilityVersion = "Xcode 14.0";
			developmentRegion = en;
			hasScannedForEncodings = 0;
			knownRegions = (
				en,
				Base,
			);
			mainGroup = 61BA38E22C1FD1BB00FF1C71;
			productRefGroup = 61BA38EC2C1FD1BB00FF1C71 /* Products */;
			projectDirPath = "";
			projectRoot = "";
			targets = (
				61BA38EA2C1FD1BB00FF1C71 /* HomeKit41 */,
			);
		};
/* End PBXProject section */

/* Begin PBXResourcesBuildPhase section */
		61BA38E92C1FD1BB00FF1C71 /* Resources */ = {
			isa = PBXResourcesBuildPhase;
			buildActionMask = 2147483647;
			files = (
				61BA38F62C1FD1BC00FF1C71 /* Preview Assets.xcassets in Resources */,
				61BA38F32C1FD1BC00FF1C71 /* Assets.xcassets in Resources */,
			);
			runOnlyForDeploymentPostprocessing = 0;
		};
/* End PBXResourcesBuildPhase section */

/* Begin PBXSourcesBuildPhase section */
		61BA38E72C1FD1BB00FF1C71 /* Sources */ = {
			isa = PBXSourcesBuildPhase;
			buildActionMask = 2147483647;
			files = (
				6158DFAA2C21904C00C8DB6A /* TimerView.swift in Sources */,
				61BA38FF2C1FD1EB00FF1C71 /* LightController.swift in Sources */,
				61BA38F12C1FD1BB00FF1C71 /* MainView.swift in Sources */,
				6158DFAC2C21B69400C8DB6A /* TestFile.swift in Sources */,
				61BA38EF2C1FD1BB00FF1C71 /* HomeKit41App.swift in Sources */,
				61BA38FD2C1FD1D200FF1C71 /* HomeKitManager.swift in Sources */,
				6158DFA82C207EEC00C8DB6A /* BookmarkModel.swift in Sources */,
			);
			runOnlyForDeploymentPostprocessing = 0;
		};
/* End PBXSourcesBuildPhase section */

/* Begin XCBuildConfiguration section */
		61BA38F72C1FD1BC00FF1C71 /* Debug */ = {
			isa = XCBuildConfiguration;
			buildSettings = {
				ALWAYS_SEARCH_USER_PATHS = NO;
				ASSETCATALOG_COMPILER_GENERATE_SWIFT_ASSET_SYMBOL_EXTENSIONS = YES;
				CLANG_ANALYZER_NONNULL = YES;
				CLANG_ANALYZER_NUMBER_OBJECT_CONVERSION = YES_AGGRESSIVE;
				CLANG_CXX_LANGUAGE_STANDARD = "gnu++20";
				CLANG_ENABLE_MODULES = YES;
				CLANG_ENABLE_OBJC_ARC = YES;
				CLANG_ENABLE_OBJC_WEAK = YES;
				CLANG_WARN_BLOCK_CAPTURE_AUTORELEASING = YES;
				CLANG_WARN_BOOL_CONVERSION = YES;
				CLANG_WARN_COMMA = YES;
				CLANG_WARN_CONSTANT_CONVERSION = YES;
				CLANG_WARN_DEPRECATED_OBJC_IMPLEMENTATIONS = YES;
				CLANG_WARN_DIRECT_OBJC_ISA_USAGE = YES_ERROR;
				CLANG_WARN_DOCUMENTATION_COMMENTS = YES;
				CLANG_WARN_EMPTY_BODY = YES;
				CLANG_WARN_ENUM_CONVERSION = YES;
				CLANG_WARN_INFINITE_RECURSION = YES;
				CLANG_WARN_INT_CONVERSION = YES;
				CLANG_WARN_NON_LITERAL_NULL_CONVERSION = YES;
				CLANG_WARN_OBJC_IMPLICIT_RETAIN_SELF = YES;
				CLANG_WARN_OBJC_LITERAL_CONVERSION = YES;
				CLANG_WARN_OBJC_ROOT_CLASS = YES_ERROR;
				CLANG_WARN_QUOTED_INCLUDE_IN_FRAMEWORK_HEADER = YES;
				CLANG_WARN_RANGE_LOOP_ANALYSIS = YES;
				CLANG_WARN_STRICT_PROTOTYPES = YES;
				CLANG_WARN_SUSPICIOUS_MOVE = YES;
				CLANG_WARN_UNGUARDED_AVAILABILITY = YES_AGGRESSIVE;
				CLANG_WARN_UNREACHABLE_CODE = YES;
				CLANG_WARN__DUPLICATE_METHOD_MATCH = YES;
				COPY_PHASE_STRIP = NO;
				DEBUG_INFORMATION_FORMAT = dwarf;
				ENABLE_STRICT_OBJC_MSGSEND = YES;
				ENABLE_TESTABILITY = YES;
				ENABLE_USER_SCRIPT_SANDBOXING = YES;
				GCC_C_LANGUAGE_STANDARD = gnu17;
				GCC_DYNAMIC_NO_PIC = NO;
				GCC_NO_COMMON_BLOCKS = YES;
				GCC_OPTIMIZATION_LEVEL = 0;
				GCC_PREPROCESSOR_DEFINITIONS = (
					"DEBUG=1",
					"$(inherited)",
				);
				GCC_WARN_64_TO_32_BIT_CONVERSION = YES;
				GCC_WARN_ABOUT_RETURN_TYPE = YES_ERROR;
				GCC_WARN_UNDECLARED_SELECTOR = YES;
				GCC_WARN_UNINITIALIZED_AUTOS = YES_AGGRESSIVE;
				GCC_WARN_UNUSED_FUNCTION = YES;
				GCC_WARN_UNUSED_VARIABLE = YES;
				IPHONEOS_DEPLOYMENT_TARGET = 17.3;
				LOCALIZATION_PREFERS_STRING_CATALOGS = YES;
				MTL_ENABLE_DEBUG_INFO = INCLUDE_SOURCE;
				MTL_FAST_MATH = YES;
				ONLY_ACTIVE_ARCH = YES;
				SDKROOT = iphoneos;
				SWIFT_ACTIVE_COMPILATION_CONDITIONS = "DEBUG $(inherited)";
				SWIFT_OPTIMIZATION_LEVEL = "-Onone";
			};
			name = Debug;
		};
		61BA38F82C1FD1BC00FF1C71 /* Release */ = {
			isa = XCBuildConfiguration;
			buildSettings = {
				ALWAYS_SEARCH_USER_PATHS = NO;
				ASSETCATALOG_COMPILER_GENERATE_SWIFT_ASSET_SYMBOL_EXTENSIONS = YES;
				CLANG_ANALYZER_NONNULL = YES;
				CLANG_ANALYZER_NUMBER_OBJECT_CONVERSION = YES_AGGRESSIVE;
				CLANG_CXX_LANGUAGE_STANDARD = "gnu++20";
				CLANG_ENABLE_MODULES = YES;
				CLANG_ENABLE_OBJC_ARC = YES;
				CLANG_ENABLE_OBJC_WEAK = YES;
				CLANG_WARN_BLOCK_CAPTURE_AUTORELEASING = YES;
				CLANG_WARN_BOOL_CONVERSION = YES;
				CLANG_WARN_COMMA = YES;
				CLANG_WARN_CONSTANT_CONVERSION = YES;
				CLANG_WARN_DEPRECATED_OBJC_IMPLEMENTATIONS = YES;
				CLANG_WARN_DIRECT_OBJC_ISA_USAGE = YES_ERROR;
				CLANG_WARN_DOCUMENTATION_COMMENTS = YES;
				CLANG_WARN_EMPTY_BODY = YES;
				CLANG_WARN_ENUM_CONVERSION = YES;
				CLANG_WARN_INFINITE_RECURSION = YES;
				CLANG_WARN_INT_CONVERSION = YES;
				CLANG_WARN_NON_LITERAL_NULL_CONVERSION = YES;
				CLANG_WARN_OBJC_IMPLICIT_RETAIN_SELF = YES;
				CLANG_WARN_OBJC_LITERAL_CONVERSION = YES;
				CLANG_WARN_OBJC_ROOT_CLASS = YES_ERROR;
				CLANG_WARN_QUOTED_INCLUDE_IN_FRAMEWORK_HEADER = YES;
				CLANG_WARN_RANGE_LOOP_ANALYSIS = YES;
				CLANG_WARN_STRICT_PROTOTYPES = YES;
				CLANG_WARN_SUSPICIOUS_MOVE = YES;
				CLANG_WARN_UNGUARDED_AVAILABILITY = YES_AGGRESSIVE;
				CLANG_WARN_UNREACHABLE_CODE = YES;
				CLANG_WARN__DUPLICATE_METHOD_MATCH = YES;
				COPY_PHASE_STRIP = NO;
				DEBUG_INFORMATION_FORMAT = "dwarf-with-dsym";
				ENABLE_NS_ASSERTIONS = NO;
				ENABLE_STRICT_OBJC_MSGSEND = YES;
				ENABLE_USER_SCRIPT_SANDBOXING = YES;
				GCC_C_LANGUAGE_STANDARD = gnu17;
				GCC_NO_COMMON_BLOCKS = YES;
				GCC_WARN_64_TO_32_BIT_CONVERSION = YES;
				GCC_WARN_ABOUT_RETURN_TYPE = YES_ERROR;
				GCC_WARN_UNDECLARED_SELECTOR = YES;
				GCC_WARN_UNINITIALIZED_AUTOS = YES_AGGRESSIVE;
				GCC_WARN_UNUSED_FUNCTION = YES;
				GCC_WARN_UNUSED_VARIABLE = YES;
				IPHONEOS_DEPLOYMENT_TARGET = 17.3;
				LOCALIZATION_PREFERS_STRING_CATALOGS = YES;
				MTL_ENABLE_DEBUG_INFO = NO;
				MTL_FAST_MATH = YES;
				SDKROOT = iphoneos;
				SWIFT_COMPILATION_MODE = wholemodule;
				VALIDATE_PRODUCT = YES;
			};
			name = Release;
		};
		61BA38FA2C1FD1BC00FF1C71 /* Debug */ = {
			isa = XCBuildConfiguration;
			buildSettings = {
				ASSETCATALOG_COMPILER_APPICON_NAME = AppIcon;
				ASSETCATALOG_COMPILER_GLOBAL_ACCENT_COLOR_NAME = AccentColor;
				CODE_SIGN_ENTITLEMENTS = HomeKit41/HomeKit41.entitlements;
				CODE_SIGN_STYLE = Automatic;
				CURRENT_PROJECT_VERSION = 1;
				DEVELOPMENT_ASSET_PATHS = "\"HomeKit41/Preview Content\"";
				DEVELOPMENT_TEAM = TA9TKWGKS3;
				ENABLE_PREVIEWS = YES;
				GENERATE_INFOPLIST_FILE = YES;
				INFOPLIST_FILE = HomeKit41/Info.plist;
				INFOPLIST_KEY_LSApplicationCategoryType = "";
				INFOPLIST_KEY_NSHomeKitUsageDescription = "확인부탁";
				INFOPLIST_KEY_UIApplicationSceneManifest_Generation = YES;
				INFOPLIST_KEY_UIApplicationSupportsIndirectInputEvents = YES;
				INFOPLIST_KEY_UILaunchScreen_Generation = YES;
				INFOPLIST_KEY_UISupportedInterfaceOrientations_iPad = "UIInterfaceOrientationPortrait UIInterfaceOrientationPortraitUpsideDown UIInterfaceOrientationLandscapeLeft UIInterfaceOrientationLandscapeRight";
				INFOPLIST_KEY_UISupportedInterfaceOrientations_iPhone = "UIInterfaceOrientationPortrait UIInterfaceOrientationLandscapeLeft UIInterfaceOrientationLandscapeRight";
				LD_RUNPATH_SEARCH_PATHS = (
					"$(inherited)",
					"@executable_path/Frameworks",
				);
				MARKETING_VERSION = 1.0;
				PRODUCT_BUNDLE_IDENTIFIER = com.trudy.HomeKit41;
				PRODUCT_NAME = "$(TARGET_NAME)";
				SWIFT_EMIT_LOC_STRINGS = YES;
				SWIFT_VERSION = 5.0;
				TARGETED_DEVICE_FAMILY = "1,2";
			};
			name = Debug;
		};
		61BA38FB2C1FD1BC00FF1C71 /* Release */ = {
			isa = XCBuildConfiguration;
			buildSettings = {
				ASSETCATALOG_COMPILER_APPICON_NAME = AppIcon;
				ASSETCATALOG_COMPILER_GLOBAL_ACCENT_COLOR_NAME = AccentColor;
				CODE_SIGN_ENTITLEMENTS = HomeKit41/HomeKit41.entitlements;
				CODE_SIGN_STYLE = Automatic;
				CURRENT_PROJECT_VERSION = 1;
				DEVELOPMENT_ASSET_PATHS = "\"HomeKit41/Preview Content\"";
				DEVELOPMENT_TEAM = TA9TKWGKS3;
				ENABLE_PREVIEWS = YES;
				GENERATE_INFOPLIST_FILE = YES;
				INFOPLIST_FILE = HomeKit41/Info.plist;
				INFOPLIST_KEY_LSApplicationCategoryType = "";
				INFOPLIST_KEY_NSHomeKitUsageDescription = "확인부탁";
				INFOPLIST_KEY_UIApplicationSceneManifest_Generation = YES;
				INFOPLIST_KEY_UIApplicationSupportsIndirectInputEvents = YES;
				INFOPLIST_KEY_UILaunchScreen_Generation = YES;
				INFOPLIST_KEY_UISupportedInterfaceOrientations_iPad = "UIInterfaceOrientationPortrait UIInterfaceOrientationPortraitUpsideDown UIInterfaceOrientationLandscapeLeft UIInterfaceOrientationLandscapeRight";
				INFOPLIST_KEY_UISupportedInterfaceOrientations_iPhone = "UIInterfaceOrientationPortrait UIInterfaceOrientationLandscapeLeft UIInterfaceOrientationLandscapeRight";
				LD_RUNPATH_SEARCH_PATHS = (
					"$(inherited)",
					"@executable_path/Frameworks",
				);
				MARKETING_VERSION = 1.0;
				PRODUCT_BUNDLE_IDENTIFIER = com.trudy.HomeKit41;
				PRODUCT_NAME = "$(TARGET_NAME)";
				SWIFT_EMIT_LOC_STRINGS = YES;
				SWIFT_VERSION = 5.0;
				TARGETED_DEVICE_FAMILY = "1,2";
			};
			name = Release;
		};
/* End XCBuildConfiguration section */

/* Begin XCConfigurationList section */
		61BA38E62C1FD1BB00FF1C71 /* Build configuration list for PBXProject "HomeKit41" */ = {
			isa = XCConfigurationList;
			buildConfigurations = (
				61BA38F72C1FD1BC00FF1C71 /* Debug */,
				61BA38F82C1FD1BC00FF1C71 /* Release */,
			);
			defaultConfigurationIsVisible = 0;
			defaultConfigurationName = Release;
		};
		61BA38F92C1FD1BC00FF1C71 /* Build configuration list for PBXNativeTarget "HomeKit41" */ = {
			isa = XCConfigurationList;
			buildConfigurations = (
				61BA38FA2C1FD1BC00FF1C71 /* Debug */,
				61BA38FB2C1FD1BC00FF1C71 /* Release */,
			);
			defaultConfigurationIsVisible = 0;
			defaultConfigurationName = Release;
		};
/* End XCConfigurationList section */
	};
	rootObject = 61BA38E32C1FD1BB00FF1C71 /* Project object */;
}
